
Microsoft Visual Studio Solution File, Format Version 12.00
# Visual Studio 2012
Project("{FAE04EC0-301F-11D3-BF4B-00C04F79EFBC}") = "ConsoleApplication27", "ConsoleApplication27\ConsoleApplication27.csproj", "{D0B7813D-3FA7-43FB-A9A7-4DEBC2A15540}"
EndProject
Global
	GlobalSection(SolutionConfigurationPlatforms) = preSolution
		Debug|Any CPU = Debug|Any CPU
		Release|Any CPU = Release|Any CPU
	EndGlobalSection
	GlobalSection(ProjectConfigurationPlatforms) = postSolution
		{D0B7813D-3FA7-43FB-A9A7-4DEBC2A15540}.Debug|Any CPU.ActiveCfg = Debug|Any CPU
		{D0B7813D-3FA7-43FB-A9A7-4DEBC2A15540}.Debug|Any CPU.Build.0 = Debug|Any CPU
		{D0B7813D-3FA7-43FB-A9A7-4DEBC2A15540}.Release|Any CPU.ActiveCfg = Release|Any CPU
		{D0B7813D-3FA7-43FB-A9A7-4DEBC2A15540}.Release|Any CPU.Build.0 = Release|Any CPU
	EndGlobalSection
	GlobalSection(SolutionProperties) = preSolution
		HideSolutionNode = FALSE
	EndGlobalSection
EndGlobal
